
Microsoft Visual Studio Solution File, Format Version 12.00
# Visual Studio Version 16
VisualStudioVersion = 16.0.31911.196
MinimumVisualStudioVersion = 10.0.40219.1
Project("{9A19103F-16F7-4668-BE54-9A1E7A4F7556}") = "AptitudeTest", "AptitudeTest\AptitudeTest.csproj", "{E207186A-D8A2-47C7-8404-E675E3215A29}"
EndProject
Global
	GlobalSection(SolutionConfigurationPlatforms) = preSolution
		Debug|Any CPU = Debug|Any CPU
		Release|Any CPU = Release|Any CPU
	EndGlobalSection
	GlobalSection(ProjectConfigurationPlatforms) = postSolution
		{E207186A-D8A2-47C7-8404-E675E3215A29}.Debug|Any CPU.ActiveCfg = Debug|Any CPU
		{E207186A-D8A2-47C7-8404-E675E3215A29}.Debug|Any CPU.Build.0 = Debug|Any CPU
		{E207186A-D8A2-47C7-8404-E675E3215A29}.Release|Any CPU.ActiveCfg = Release|Any CPU
		{E207186A-D8A2-47C7-8404-E675E3215A29}.Release|Any CPU.Build.0 = Release|Any CPU
	EndGlobalSection
	GlobalSection(SolutionProperties) = preSolution
		HideSolutionNode = FALSE
	EndGlobalSection
	GlobalSection(ExtensibilityGlobals) = postSolution
		SolutionGuid = {4EB76F04-640F-421E-B5DA-9CA06CF0EC66}
	EndGlobalSection
EndGlobal
